// !$*UTF8*$!
{
	archiveVersion = 1;
	classes = {
	};
	objectVersion = 56;
	objects = {

/* Begin PBXBuildFile section */
		CB06E658291B028F004BE837 /* SkiDetailView.swift in Sources */ = {isa = PBXBuildFile; fileRef = CB06E657291B028F004BE837 /* SkiDetailView.swift */; };
		CBBEE786290AED1700BE850B /* HTTPClient.swift in Sources */ = {isa = PBXBuildFile; fileRef = CBBEE785290AED1600BE850B /* HTTPClient.swift */; };
		CBBEE788290AED9600BE850B /* DataStore.swift in Sources */ = {isa = PBXBuildFile; fileRef = CBBEE787290AED9600BE850B /* DataStore.swift */; };
		CBBEE78A290AEDD000BE850B /* Constants.swift in Sources */ = {isa = PBXBuildFile; fileRef = CBBEE789290AEDD000BE850B /* Constants.swift */; };
		CBBEE792290B2A6200BE850B /* SkisList.swift in Sources */ = {isa = PBXBuildFile; fileRef = CBBEE791290B2A6200BE850B /* SkisList.swift */; };
		CBCF5D70290AD5E3000965FF /* skinge_iosApp.swift in Sources */ = {isa = PBXBuildFile; fileRef = CBCF5D6F290AD5E3000965FF /* skinge_iosApp.swift */; };
		CBCF5D72290AD5E3000965FF /* SkiListView.swift in Sources */ = {isa = PBXBuildFile; fileRef = CBCF5D71290AD5E3000965FF /* SkiListView.swift */; };
		CBCF5D74290AD5E6000965FF /* Assets.xcassets in Resources */ = {isa = PBXBuildFile; fileRef = CBCF5D73290AD5E6000965FF /* Assets.xcassets */; };
		CBCF5D77290AD5E6000965FF /* Preview Assets.xcassets in Resources */ = {isa = PBXBuildFile; fileRef = CBCF5D76290AD5E6000965FF /* Preview Assets.xcassets */; };
		CBCF5D81290AD5E6000965FF /* skinge_iosTests.swift in Sources */ = {isa = PBXBuildFile; fileRef = CBCF5D80290AD5E6000965FF /* skinge_iosTests.swift */; };
		CBCF5D8B290AD5E7000965FF /* skinge_iosUITests.swift in Sources */ = {isa = PBXBuildFile; fileRef = CBCF5D8A290AD5E7000965FF /* skinge_iosUITests.swift */; };
		CBCF5D8D290AD5E7000965FF /* skinge_iosUITestsLaunchTests.swift in Sources */ = {isa = PBXBuildFile; fileRef = CBCF5D8C290AD5E7000965FF /* skinge_iosUITestsLaunchTests.swift */; };
		CBCF5D9F290ADD53000965FF /* Ski.swift in Sources */ = {isa = PBXBuildFile; fileRef = CBCF5D9E290ADD53000965FF /* Ski.swift */; };
		CBCF5DA1290ADE4E000965FF /* SkiVariant.swift in Sources */ = {isa = PBXBuildFile; fileRef = CBCF5DA0290ADE4E000965FF /* SkiVariant.swift */; };
		CBCF5DA5290AE0D8000965FF /* Product.swift in Sources */ = {isa = PBXBuildFile; fileRef = CBCF5DA4290AE0D8000965FF /* Product.swift */; };
		CBCF5DA9290AE3AD000965FF /* Brand.swift in Sources */ = {isa = PBXBuildFile; fileRef = CBCF5DA8290AE3AC000965FF /* Brand.swift */; };
/* End PBXBuildFile section */

/* Begin PBXContainerItemProxy section */
		CBCF5D7D290AD5E6000965FF /* PBXContainerItemProxy */ = {
			isa = PBXContainerItemProxy;
			containerPortal = CBCF5D64290AD5E3000965FF /* Project object */;
			proxyType = 1;
			remoteGlobalIDString = CBCF5D6B290AD5E3000965FF;
			remoteInfo = "skinge-ios";
		};
		CBCF5D87290AD5E7000965FF /* PBXContainerItemProxy */ = {
			isa = PBXContainerItemProxy;
			containerPortal = CBCF5D64290AD5E3000965FF /* Project object */;
			proxyType = 1;
			remoteGlobalIDString = CBCF5D6B290AD5E3000965FF;
			remoteInfo = "skinge-ios";
		};
/* End PBXContainerItemProxy section */

/* Begin PBXFileReference section */
		CB06E657291B028F004BE837 /* SkiDetailView.swift */ = {isa = PBXFileReference; lastKnownFileType = sourcecode.swift; path = SkiDetailView.swift; sourceTree = "<group>"; };
		CBBEE785290AED1600BE850B /* HTTPClient.swift */ = {isa = PBXFileReference; lastKnownFileType = sourcecode.swift; path = HTTPClient.swift; sourceTree = "<group>"; };
		CBBEE787290AED9600BE850B /* DataStore.swift */ = {isa = PBXFileReference; lastKnownFileType = sourcecode.swift; path = DataStore.swift; sourceTree = "<group>"; };
		CBBEE789290AEDD000BE850B /* Constants.swift */ = {isa = PBXFileReference; lastKnownFileType = sourcecode.swift; path = Constants.swift; sourceTree = "<group>"; };
		CBBEE791290B2A6200BE850B /* SkisList.swift */ = {isa = PBXFileReference; fileEncoding = 4; lastKnownFileType = sourcecode.swift; path = SkisList.swift; sourceTree = "<group>"; };
		CBCF5D6C290AD5E3000965FF /* skinge-ios.app */ = {isa = PBXFileReference; explicitFileType = wrapper.application; includeInIndex = 0; path = "skinge-ios.app"; sourceTree = BUILT_PRODUCTS_DIR; };
		CBCF5D6F290AD5E3000965FF /* skinge_iosApp.swift */ = {isa = PBXFileReference; lastKnownFileType = sourcecode.swift; path = skinge_iosApp.swift; sourceTree = "<group>"; };
		CBCF5D71290AD5E3000965FF /* SkiListView.swift */ = {isa = PBXFileReference; lastKnownFileType = sourcecode.swift; path = SkiListView.swift; sourceTree = "<group>"; };
		CBCF5D73290AD5E6000965FF /* Assets.xcassets */ = {isa = PBXFileReference; lastKnownFileType = folder.assetcatalog; path = Assets.xcassets; sourceTree = "<group>"; };
		CBCF5D76290AD5E6000965FF /* Preview Assets.xcassets */ = {isa = PBXFileReference; lastKnownFileType = folder.assetcatalog; path = "Preview Assets.xcassets"; sourceTree = "<group>"; };
		CBCF5D7C290AD5E6000965FF /* skinge-iosTests.xctest */ = {isa = PBXFileReference; explicitFileType = wrapper.cfbundle; includeInIndex = 0; path = "skinge-iosTests.xctest"; sourceTree = BUILT_PRODUCTS_DIR; };
		CBCF5D80290AD5E6000965FF /* skinge_iosTests.swift */ = {isa = PBXFileReference; lastKnownFileType = sourcecode.swift; path = skinge_iosTests.swift; sourceTree = "<group>"; };
		CBCF5D86290AD5E7000965FF /* skinge-iosUITests.xctest */ = {isa = PBXFileReference; explicitFileType = wrapper.cfbundle; includeInIndex = 0; path = "skinge-iosUITests.xctest"; sourceTree = BUILT_PRODUCTS_DIR; };
		CBCF5D8A290AD5E7000965FF /* skinge_iosUITests.swift */ = {isa = PBXFileReference; lastKnownFileType = sourcecode.swift; path = skinge_iosUITests.swift; sourceTree = "<group>"; };
		CBCF5D8C290AD5E7000965FF /* skinge_iosUITestsLaunchTests.swift */ = {isa = PBXFileReference; lastKnownFileType = sourcecode.swift; path = skinge_iosUITestsLaunchTests.swift; sourceTree = "<group>"; };
		CBCF5D9E290ADD53000965FF /* Ski.swift */ = {isa = PBXFileReference; lastKnownFileType = sourcecode.swift; path = Ski.swift; sourceTree = "<group>"; };
		CBCF5DA0290ADE4E000965FF /* SkiVariant.swift */ = {isa = PBXFileReference; lastKnownFileType = sourcecode.swift; path = SkiVariant.swift; sourceTree = "<group>"; };
		CBCF5DA4290AE0D8000965FF /* Product.swift */ = {isa = PBXFileReference; lastKnownFileType = sourcecode.swift; path = Product.swift; sourceTree = "<group>"; };
		CBCF5DA8290AE3AC000965FF /* Brand.swift */ = {isa = PBXFileReference; lastKnownFileType = sourcecode.swift; path = Brand.swift; sourceTree = "<group>"; };
/* End PBXFileReference section */

/* Begin PBXFrameworksBuildPhase section */
		CBCF5D69290AD5E3000965FF /* Frameworks */ = {
			isa = PBXFrameworksBuildPhase;
			buildActionMask = 2147483647;
			files = (
			);
			runOnlyForDeploymentPostprocessing = 0;
		};
		CBCF5D79290AD5E6000965FF /* Frameworks */ = {
			isa = PBXFrameworksBuildPhase;
			buildActionMask = 2147483647;
			files = (
			);
			runOnlyForDeploymentPostprocessing = 0;
		};
		CBCF5D83290AD5E7000965FF /* Frameworks */ = {
			isa = PBXFrameworksBuildPhase;
			buildActionMask = 2147483647;
			files = (
			);
			runOnlyForDeploymentPostprocessing = 0;
		};
/* End PBXFrameworksBuildPhase section */

/* Begin PBXGroup section */
		CBBEE790290B2A6200BE850B /* ViewModels */ = {
			isa = PBXGroup;
			children = (
				CBBEE791290B2A6200BE850B /* SkisList.swift */,
			);
			path = ViewModels;
			sourceTree = "<group>";
		};
		CBCF5D63290AD5E3000965FF = {
			isa = PBXGroup;
			children = (
				CBCF5D6E290AD5E3000965FF /* skinge-ios */,
				CBCF5D7F290AD5E6000965FF /* skinge-iosTests */,
				CBCF5D89290AD5E7000965FF /* skinge-iosUITests */,
				CBCF5D6D290AD5E3000965FF /* Products */,
			);
			sourceTree = "<group>";
		};
		CBCF5D6D290AD5E3000965FF /* Products */ = {
			isa = PBXGroup;
			children = (
				CBCF5D6C290AD5E3000965FF /* skinge-ios.app */,
				CBCF5D7C290AD5E6000965FF /* skinge-iosTests.xctest */,
				CBCF5D86290AD5E7000965FF /* skinge-iosUITests.xctest */,
			);
			name = Products;
			sourceTree = "<group>";
		};
		CBCF5D6E290AD5E3000965FF /* skinge-ios */ = {
			isa = PBXGroup;
			children = (
				CBCF5D9C290ADD13000965FF /* Src */,
				CBCF5D9B290ADCEB000965FF /* Resources */,
			);
			path = "skinge-ios";
			sourceTree = "<group>";
		};
		CBCF5D75290AD5E6000965FF /* Preview Content */ = {
			isa = PBXGroup;
			children = (
				CBCF5D76290AD5E6000965FF /* Preview Assets.xcassets */,
			);
			path = "Preview Content";
			sourceTree = "<group>";
		};
		CBCF5D7F290AD5E6000965FF /* skinge-iosTests */ = {
			isa = PBXGroup;
			children = (
				CBCF5D80290AD5E6000965FF /* skinge_iosTests.swift */,
			);
			path = "skinge-iosTests";
			sourceTree = "<group>";
		};
		CBCF5D89290AD5E7000965FF /* skinge-iosUITests */ = {
			isa = PBXGroup;
			children = (
				CBCF5D8A290AD5E7000965FF /* skinge_iosUITests.swift */,
				CBCF5D8C290AD5E7000965FF /* skinge_iosUITestsLaunchTests.swift */,
			);
			path = "skinge-iosUITests";
			sourceTree = "<group>";
		};
		CBCF5D99290ADCA8000965FF /* Views */ = {
			isa = PBXGroup;
			children = (
				CBCF5D71290AD5E3000965FF /* SkiListView.swift */,
				CB06E657291B028F004BE837 /* SkiDetailView.swift */,
			);
			path = Views;
			sourceTree = "<group>";
		};
		CBCF5D9A290ADCBE000965FF /* Utilities */ = {
			isa = PBXGroup;
			children = (
				CBBEE785290AED1600BE850B /* HTTPClient.swift */,
				CBBEE787290AED9600BE850B /* DataStore.swift */,
			);
			path = Utilities;
			sourceTree = "<group>";
		};
		CBCF5D9B290ADCEB000965FF /* Resources */ = {
			isa = PBXGroup;
			children = (
				CBCF5D75290AD5E6000965FF /* Preview Content */,
				CBCF5D73290AD5E6000965FF /* Assets.xcassets */,
			);
			path = Resources;
			sourceTree = "<group>";
		};
		CBCF5D9C290ADD13000965FF /* Src */ = {
			isa = PBXGroup;
			children = (
				CBBEE790290B2A6200BE850B /* ViewModels */,
				CBCF5D9D290ADD31000965FF /* Models */,
				CBCF5D6F290AD5E3000965FF /* skinge_iosApp.swift */,
				CBCF5D99290ADCA8000965FF /* Views */,
				CBCF5D9A290ADCBE000965FF /* Utilities */,
				CBBEE789290AEDD000BE850B /* Constants.swift */,
			);
			path = Src;
			sourceTree = "<group>";
		};
		CBCF5D9D290ADD31000965FF /* Models */ = {
			isa = PBXGroup;
			children = (
				CBCF5DA0290ADE4E000965FF /* SkiVariant.swift */,
				CBCF5DA4290AE0D8000965FF /* Product.swift */,
				CBCF5DA8290AE3AC000965FF /* Brand.swift */,
				CBCF5D9E290ADD53000965FF /* Ski.swift */,
			);
			path = Models;
			sourceTree = "<group>";
		};
/* End PBXGroup section */

/* Begin PBXNativeTarget section */
		CBCF5D6B290AD5E3000965FF /* skinge-ios */ = {
			isa = PBXNativeTarget;
			buildConfigurationList = CBCF5D90290AD5E7000965FF /* Build configuration list for PBXNativeTarget "skinge-ios" */;
			buildPhases = (
				CBCF5D68290AD5E3000965FF /* Sources */,
				CBCF5D69290AD5E3000965FF /* Frameworks */,
				CBCF5D6A290AD5E3000965FF /* Resources */,
			);
			buildRules = (
			);
			dependencies = (
			);
			name = "skinge-ios";
			productName = "skinge-ios";
			productReference = CBCF5D6C290AD5E3000965FF /* skinge-ios.app */;
			productType = "com.apple.product-type.application";
		};
		CBCF5D7B290AD5E6000965FF /* skinge-iosTests */ = {
			isa = PBXNativeTarget;
			buildConfigurationList = CBCF5D93290AD5E7000965FF /* Build configuration list for PBXNativeTarget "skinge-iosTests" */;
			buildPhases = (
				CBCF5D78290AD5E6000965FF /* Sources */,
				CBCF5D79290AD5E6000965FF /* Frameworks */,
				CBCF5D7A290AD5E6000965FF /* Resources */,
			);
			buildRules = (
			);
			dependencies = (
				CBCF5D7E290AD5E6000965FF /* PBXTargetDependency */,
			);
			name = "skinge-iosTests";
			productName = "skinge-iosTests";
			productReference = CBCF5D7C290AD5E6000965FF /* skinge-iosTests.xctest */;
			productType = "com.apple.product-type.bundle.unit-test";
		};
		CBCF5D85290AD5E7000965FF /* skinge-iosUITests */ = {
			isa = PBXNativeTarget;
			buildConfigurationList = CBCF5D96290AD5E7000965FF /* Build configuration list for PBXNativeTarget "skinge-iosUITests" */;
			buildPhases = (
				CBCF5D82290AD5E7000965FF /* Sources */,
				CBCF5D83290AD5E7000965FF /* Frameworks */,
				CBCF5D84290AD5E7000965FF /* Resources */,
			);
			buildRules = (
			);
			dependencies = (
				CBCF5D88290AD5E7000965FF /* PBXTargetDependency */,
			);
			name = "skinge-iosUITests";
			productName = "skinge-iosUITests";
			productReference = CBCF5D86290AD5E7000965FF /* skinge-iosUITests.xctest */;
			productType = "com.apple.product-type.bundle.ui-testing";
		};
/* End PBXNativeTarget section */

/* Begin PBXProject section */
		CBCF5D64290AD5E3000965FF /* Project object */ = {
			isa = PBXProject;
			attributes = {
				BuildIndependentTargetsInParallel = 1;
				LastSwiftUpdateCheck = 1400;
				LastUpgradeCheck = 1400;
				TargetAttributes = {
					CBCF5D6B290AD5E3000965FF = {
						CreatedOnToolsVersion = 14.0.1;
					};
					CBCF5D7B290AD5E6000965FF = {
						CreatedOnToolsVersion = 14.0.1;
						TestTargetID = CBCF5D6B290AD5E3000965FF;
					};
					CBCF5D85290AD5E7000965FF = {
						CreatedOnToolsVersion = 14.0.1;
						TestTargetID = CBCF5D6B290AD5E3000965FF;
					};
				};
			};
			buildConfigurationList = CBCF5D67290AD5E3000965FF /* Build configuration list for PBXProject "skinge-ios" */;
			compatibilityVersion = "Xcode 14.0";
			developmentRegion = en;
			hasScannedForEncodings = 0;
			knownRegions = (
				en,
				Base,
			);
			mainGroup = CBCF5D63290AD5E3000965FF;
			productRefGroup = CBCF5D6D290AD5E3000965FF /* Products */;
			projectDirPath = "";
			projectRoot = "";
			targets = (
				CBCF5D6B290AD5E3000965FF /* skinge-ios */,
				CBCF5D7B290AD5E6000965FF /* skinge-iosTests */,
				CBCF5D85290AD5E7000965FF /* skinge-iosUITests */,
			);
		};
/* End PBXProject section */

/* Begin PBXResourcesBuildPhase section */
		CBCF5D6A290AD5E3000965FF /* Resources */ = {
			isa = PBXResourcesBuildPhase;
			buildActionMask = 2147483647;
			files = (
				CBCF5D77290AD5E6000965FF /* Preview Assets.xcassets in Resources */,
				CBCF5D74290AD5E6000965FF /* Assets.xcassets in Resources */,
			);
			runOnlyForDeploymentPostprocessing = 0;
		};
		CBCF5D7A290AD5E6000965FF /* Resources */ = {
			isa = PBXResourcesBuildPhase;
			buildActionMask = 2147483647;
			files = (
			);
			runOnlyForDeploymentPostprocessing = 0;
		};
		CBCF5D84290AD5E7000965FF /* Resources */ = {
			isa = PBXResourcesBuildPhase;
			buildActionMask = 2147483647;
			files = (
			);
			runOnlyForDeploymentPostprocessing = 0;
		};
/* End PBXResourcesBuildPhase section */

/* Begin PBXSourcesBuildPhase section */
		CBCF5D68290AD5E3000965FF /* Sources */ = {
			isa = PBXSourcesBuildPhase;
			buildActionMask = 2147483647;
			files = (
				CBBEE792290B2A6200BE850B /* SkisList.swift in Sources */,
				CBCF5D72290AD5E3000965FF /* SkiListView.swift in Sources */,
				CBBEE788290AED9600BE850B /* DataStore.swift in Sources */,
				CB06E658291B028F004BE837 /* SkiDetailView.swift in Sources */,
				CBCF5D70290AD5E3000965FF /* skinge_iosApp.swift in Sources */,
				CBCF5D9F290ADD53000965FF /* Ski.swift in Sources */,
				CBBEE786290AED1700BE850B /* HTTPClient.swift in Sources */,
				CBCF5DA9290AE3AD000965FF /* Brand.swift in Sources */,
				CBCF5DA1290ADE4E000965FF /* SkiVariant.swift in Sources */,
				CBCF5DA5290AE0D8000965FF /* Product.swift in Sources */,
				CBBEE78A290AEDD000BE850B /* Constants.swift in Sources */,
			);
			runOnlyForDeploymentPostprocessing = 0;
		};
		CBCF5D78290AD5E6000965FF /* Sources */ = {
			isa = PBXSourcesBuildPhase;
			buildActionMask = 2147483647;
			files = (
				CBCF5D81290AD5E6000965FF /* skinge_iosTests.swift in Sources */,
			);
			runOnlyForDeploymentPostprocessing = 0;
		};
		CBCF5D82290AD5E7000965FF /* Sources */ = {
			isa = PBXSourcesBuildPhase;
			buildActionMask = 2147483647;
			files = (
				CBCF5D8B290AD5E7000965FF /* skinge_iosUITests.swift in Sources */,
				CBCF5D8D290AD5E7000965FF /* skinge_iosUITestsLaunchTests.swift in Sources */,
			);
			runOnlyForDeploymentPostprocessing = 0;
		};
/* End PBXSourcesBuildPhase section */

/* Begin PBXTargetDependency section */
		CBCF5D7E290AD5E6000965FF /* PBXTargetDependency */ = {
			isa = PBXTargetDependency;
			target = CBCF5D6B290AD5E3000965FF /* skinge-ios */;
			targetProxy = CBCF5D7D290AD5E6000965FF /* PBXContainerItemProxy */;
		};
		CBCF5D88290AD5E7000965FF /* PBXTargetDependency */ = {
			isa = PBXTargetDependency;
			target = CBCF5D6B290AD5E3000965FF /* skinge-ios */;
			targetProxy = CBCF5D87290AD5E7000965FF /* PBXContainerItemProxy */;
		};
/* End PBXTargetDependency section */

/* Begin XCBuildConfiguration section */
		CBCF5D8E290AD5E7000965FF /* Debug */ = {
			isa = XCBuildConfiguration;
			buildSettings = {
				ALWAYS_SEARCH_USER_PATHS = NO;
				CLANG_ANALYZER_NONNULL = YES;
				CLANG_ANALYZER_NUMBER_OBJECT_CONVERSION = YES_AGGRESSIVE;
				CLANG_CXX_LANGUAGE_STANDARD = "gnu++20";
				CLANG_ENABLE_MODULES = YES;
				CLANG_ENABLE_OBJC_ARC = YES;
				CLANG_ENABLE_OBJC_WEAK = YES;
				CLANG_WARN_BLOCK_CAPTURE_AUTORELEASING = YES;
				CLANG_WARN_BOOL_CONVERSION = YES;
				CLANG_WARN_COMMA = YES;
				CLANG_WARN_CONSTANT_CONVERSION = YES;
				CLANG_WARN_DEPRECATED_OBJC_IMPLEMENTATIONS = YES;
				CLANG_WARN_DIRECT_OBJC_ISA_USAGE = YES_ERROR;
				CLANG_WARN_DOCUMENTATION_COMMENTS = YES;
				CLANG_WARN_EMPTY_BODY = YES;
				CLANG_WARN_ENUM_CONVERSION = YES;
				CLANG_WARN_INFINITE_RECURSION = YES;
				CLANG_WARN_INT_CONVERSION = YES;
				CLANG_WARN_NON_LITERAL_NULL_CONVERSION = YES;
				CLANG_WARN_OBJC_IMPLICIT_RETAIN_SELF = YES;
				CLANG_WARN_OBJC_LITERAL_CONVERSION = YES;
				CLANG_WARN_OBJC_ROOT_CLASS = YES_ERROR;
				CLANG_WARN_QUOTED_INCLUDE_IN_FRAMEWORK_HEADER = YES;
				CLANG_WARN_RANGE_LOOP_ANALYSIS = YES;
				CLANG_WARN_STRICT_PROTOTYPES = YES;
				CLANG_WARN_SUSPICIOUS_MOVE = YES;
				CLANG_WARN_UNGUARDED_AVAILABILITY = YES_AGGRESSIVE;
				CLANG_WARN_UNREACHABLE_CODE = YES;
				CLANG_WARN__DUPLICATE_METHOD_MATCH = YES;
				COPY_PHASE_STRIP = NO;
				DEBUG_INFORMATION_FORMAT = dwarf;
				ENABLE_STRICT_OBJC_MSGSEND = YES;
				ENABLE_TESTABILITY = YES;
				GCC_C_LANGUAGE_STANDARD = gnu11;
				GCC_DYNAMIC_NO_PIC = NO;
				GCC_NO_COMMON_BLOCKS = YES;
				GCC_OPTIMIZATION_LEVEL = 0;
				GCC_PREPROCESSOR_DEFINITIONS = (
					"DEBUG=1",
					"$(inherited)",
				);
				GCC_WARN_64_TO_32_BIT_CONVERSION = YES;
				GCC_WARN_ABOUT_RETURN_TYPE = YES_ERROR;
				GCC_WARN_UNDECLARED_SELECTOR = YES;
				GCC_WARN_UNINITIALIZED_AUTOS = YES_AGGRESSIVE;
				GCC_WARN_UNUSED_FUNCTION = YES;
				GCC_WARN_UNUSED_VARIABLE = YES;
				IPHONEOS_DEPLOYMENT_TARGET = 16.0;
				MTL_ENABLE_DEBUG_INFO = INCLUDE_SOURCE;
				MTL_FAST_MATH = YES;
				ONLY_ACTIVE_ARCH = YES;
				SDKROOT = iphoneos;
				SWIFT_ACTIVE_COMPILATION_CONDITIONS = DEBUG;
				SWIFT_OPTIMIZATION_LEVEL = "-Onone";
			};
			name = Debug;
		};
		CBCF5D8F290AD5E7000965FF /* Release */ = {
			isa = XCBuildConfiguration;
			buildSettings = {
				ALWAYS_SEARCH_USER_PATHS = NO;
				CLANG_ANALYZER_NONNULL = YES;
				CLANG_ANALYZER_NUMBER_OBJECT_CONVERSION = YES_AGGRESSIVE;
				CLANG_CXX_LANGUAGE_STANDARD = "gnu++20";
				CLANG_ENABLE_MODULES = YES;
				CLANG_ENABLE_OBJC_ARC = YES;
				CLANG_ENABLE_OBJC_WEAK = YES;
				CLANG_WARN_BLOCK_CAPTURE_AUTORELEASING = YES;
				CLANG_WARN_BOOL_CONVERSION = YES;
				CLANG_WARN_COMMA = YES;
				CLANG_WARN_CONSTANT_CONVERSION = YES;
				CLANG_WARN_DEPRECATED_OBJC_IMPLEMENTATIONS = YES;
				CLANG_WARN_DIRECT_OBJC_ISA_USAGE = YES_ERROR;
				CLANG_WARN_DOCUMENTATION_COMMENTS = YES;
				CLANG_WARN_EMPTY_BODY = YES;
				CLANG_WARN_ENUM_CONVERSION = YES;
				CLANG_WARN_INFINITE_RECURSION = YES;
				CLANG_WARN_INT_CONVERSION = YES;
				CLANG_WARN_NON_LITERAL_NULL_CONVERSION = YES;
				CLANG_WARN_OBJC_IMPLICIT_RETAIN_SELF = YES;
				CLANG_WARN_OBJC_LITERAL_CONVERSION = YES;
				CLANG_WARN_OBJC_ROOT_CLASS = YES_ERROR;
				CLANG_WARN_QUOTED_INCLUDE_IN_FRAMEWORK_HEADER = YES;
				CLANG_WARN_RANGE_LOOP_ANALYSIS = YES;
				CLANG_WARN_STRICT_PROTOTYPES = YES;
				CLANG_WARN_SUSPICIOUS_MOVE = YES;
				CLANG_WARN_UNGUARDED_AVAILABILITY = YES_AGGRESSIVE;
				CLANG_WARN_UNREACHABLE_CODE = YES;
				CLANG_WARN__DUPLICATE_METHOD_MATCH = YES;
				COPY_PHASE_STRIP = NO;
				DEBUG_INFORMATION_FORMAT = "dwarf-with-dsym";
				ENABLE_NS_ASSERTIONS = NO;
				ENABLE_STRICT_OBJC_MSGSEND = YES;
				GCC_C_LANGUAGE_STANDARD = gnu11;
				GCC_NO_COMMON_BLOCKS = YES;
				GCC_WARN_64_TO_32_BIT_CONVERSION = YES;
				GCC_WARN_ABOUT_RETURN_TYPE = YES_ERROR;
				GCC_WARN_UNDECLARED_SELECTOR = YES;
				GCC_WARN_UNINITIALIZED_AUTOS = YES_AGGRESSIVE;
				GCC_WARN_UNUSED_FUNCTION = YES;
				GCC_WARN_UNUSED_VARIABLE = YES;
				IPHONEOS_DEPLOYMENT_TARGET = 16.0;
				MTL_ENABLE_DEBUG_INFO = NO;
				MTL_FAST_MATH = YES;
				SDKROOT = iphoneos;
				SWIFT_COMPILATION_MODE = wholemodule;
				SWIFT_OPTIMIZATION_LEVEL = "-O";
				VALIDATE_PRODUCT = YES;
			};
			name = Release;
		};
		CBCF5D91290AD5E7000965FF /* Debug */ = {
			isa = XCBuildConfiguration;
			buildSettings = {
				ASSETCATALOG_COMPILER_APPICON_NAME = AppIcon;
				ASSETCATALOG_COMPILER_GLOBAL_ACCENT_COLOR_NAME = AccentColor;
				CODE_SIGN_STYLE = Automatic;
				CURRENT_PROJECT_VERSION = 1;
				DEVELOPMENT_ASSET_PATHS = "skinge-ios/Resources/Preview\\ Content";
				DEVELOPMENT_TEAM = BXF2Y7X5P8;
				ENABLE_PREVIEWS = YES;
				GENERATE_INFOPLIST_FILE = YES;
				INFOPLIST_KEY_UIApplicationSceneManifest_Generation = YES;
				INFOPLIST_KEY_UIApplicationSupportsIndirectInputEvents = YES;
				INFOPLIST_KEY_UILaunchScreen_Generation = YES;
				INFOPLIST_KEY_UISupportedInterfaceOrientations_iPad = "UIInterfaceOrientationPortrait UIInterfaceOrientationPortraitUpsideDown UIInterfaceOrientationLandscapeLeft UIInterfaceOrientationLandscapeRight";
				INFOPLIST_KEY_UISupportedInterfaceOrientations_iPhone = "UIInterfaceOrientationPortrait UIInterfaceOrientationLandscapeLeft UIInterfaceOrientationLandscapeRight";
				LD_RUNPATH_SEARCH_PATHS = (
					"$(inherited)",
					"@executable_path/Frameworks",
				);
				MARKETING_VERSION = 1.0;
				PRODUCT_BUNDLE_IDENTIFIER = "cassiewallace.skinge-ios";
				PRODUCT_NAME = "$(TARGET_NAME)";
				SWIFT_EMIT_LOC_STRINGS = YES;
				SWIFT_VERSION = 5.0;
				TARGETED_DEVICE_FAMILY = "1,2";
			};
			name = Debug;
		};
		CBCF5D92290AD5E7000965FF /* Release */ = {
			isa = XCBuildConfiguration;
			buildSettings = {
				ASSETCATALOG_COMPILER_APPICON_NAME = AppIcon;
				ASSETCATALOG_COMPILER_GLOBAL_ACCENT_COLOR_NAME = AccentColor;
				CODE_SIGN_STYLE = Automatic;
				CURRENT_PROJECT_VERSION = 1;
				DEVELOPMENT_ASSET_PATHS = "skinge-ios/Resources/Preview\\ Content";
				DEVELOPMENT_TEAM = BXF2Y7X5P8;
				ENABLE_PREVIEWS = YES;
				GENERATE_INFOPLIST_FILE = YES;
				INFOPLIST_KEY_UIApplicationSceneManifest_Generation = YES;
				INFOPLIST_KEY_UIApplicationSupportsIndirectInputEvents = YES;
				INFOPLIST_KEY_UILaunchScreen_Generation = YES;
				INFOPLIST_KEY_UISupportedInterfaceOrientations_iPad = "UIInterfaceOrientationPortrait UIInterfaceOrientationPortraitUpsideDown UIInterfaceOrientationLandscapeLeft UIInterfaceOrientationLandscapeRight";
				INFOPLIST_KEY_UISupportedInterfaceOrientations_iPhone = "UIInterfaceOrientationPortrait UIInterfaceOrientationLandscapeLeft UIInterfaceOrientationLandscapeRight";
				LD_RUNPATH_SEARCH_PATHS = (
					"$(inherited)",
					"@executable_path/Frameworks",
				);
				MARKETING_VERSION = 1.0;
				PRODUCT_BUNDLE_IDENTIFIER = "cassiewallace.skinge-ios";
				PRODUCT_NAME = "$(TARGET_NAME)";
				SWIFT_EMIT_LOC_STRINGS = YES;
				SWIFT_VERSION = 5.0;
				TARGETED_DEVICE_FAMILY = "1,2";
			};
			name = Release;
		};
		CBCF5D94290AD5E7000965FF /* Debug */ = {
			isa = XCBuildConfiguration;
			buildSettings = {
				ALWAYS_EMBED_SWIFT_STANDARD_LIBRARIES = YES;
				BUNDLE_LOADER = "$(TEST_HOST)";
				CODE_SIGN_STYLE = Automatic;
				CURRENT_PROJECT_VERSION = 1;
				DEVELOPMENT_TEAM = BXF2Y7X5P8;
				GENERATE_INFOPLIST_FILE = YES;
				IPHONEOS_DEPLOYMENT_TARGET = 16.0;
				MARKETING_VERSION = 1.0;
				PRODUCT_BUNDLE_IDENTIFIER = "cassiewallace.skinge-iosTests";
				PRODUCT_NAME = "$(TARGET_NAME)";
				SWIFT_EMIT_LOC_STRINGS = NO;
				SWIFT_VERSION = 5.0;
				TARGETED_DEVICE_FAMILY = "1,2";
				TEST_HOST = "$(BUILT_PRODUCTS_DIR)/skinge-ios.app/$(BUNDLE_EXECUTABLE_FOLDER_PATH)/skinge-ios";
			};
			name = Debug;
		};
		CBCF5D95290AD5E7000965FF /* Release */ = {
			isa = XCBuildConfiguration;
			buildSettings = {
				ALWAYS_EMBED_SWIFT_STANDARD_LIBRARIES = YES;
				BUNDLE_LOADER = "$(TEST_HOST)";
				CODE_SIGN_STYLE = Automatic;
				CURRENT_PROJECT_VERSION = 1;
				DEVELOPMENT_TEAM = BXF2Y7X5P8;
				GENERATE_INFOPLIST_FILE = YES;
				IPHONEOS_DEPLOYMENT_TARGET = 16.0;
				MARKETING_VERSION = 1.0;
				PRODUCT_BUNDLE_IDENTIFIER = "cassiewallace.skinge-iosTests";
				PRODUCT_NAME = "$(TARGET_NAME)";
				SWIFT_EMIT_LOC_STRINGS = NO;
				SWIFT_VERSION = 5.0;
				TARGETED_DEVICE_FAMILY = "1,2";
				TEST_HOST = "$(BUILT_PRODUCTS_DIR)/skinge-ios.app/$(BUNDLE_EXECUTABLE_FOLDER_PATH)/skinge-ios";
			};
			name = Release;
		};
		CBCF5D97290AD5E7000965FF /* Debug */ = {
			isa = XCBuildConfiguration;
			buildSettings = {
				ALWAYS_EMBED_SWIFT_STANDARD_LIBRARIES = YES;
				CODE_SIGN_STYLE = Automatic;
				CURRENT_PROJECT_VERSION = 1;
				DEVELOPMENT_TEAM = BXF2Y7X5P8;
				GENERATE_INFOPLIST_FILE = YES;
				MARKETING_VERSION = 1.0;
				PRODUCT_BUNDLE_IDENTIFIER = "cassiewallace.skinge-iosUITests";
				PRODUCT_NAME = "$(TARGET_NAME)";
				SWIFT_EMIT_LOC_STRINGS = NO;
				SWIFT_VERSION = 5.0;
				TARGETED_DEVICE_FAMILY = "1,2";
				TEST_TARGET_NAME = "skinge-ios";
			};
			name = Debug;
		};
		CBCF5D98290AD5E7000965FF /* Release */ = {
			isa = XCBuildConfiguration;
			buildSettings = {
				ALWAYS_EMBED_SWIFT_STANDARD_LIBRARIES = YES;
				CODE_SIGN_STYLE = Automatic;
				CURRENT_PROJECT_VERSION = 1;
				DEVELOPMENT_TEAM = BXF2Y7X5P8;
				GENERATE_INFOPLIST_FILE = YES;
				MARKETING_VERSION = 1.0;
				PRODUCT_BUNDLE_IDENTIFIER = "cassiewallace.skinge-iosUITests";
				PRODUCT_NAME = "$(TARGET_NAME)";
				SWIFT_EMIT_LOC_STRINGS = NO;
				SWIFT_VERSION = 5.0;
				TARGETED_DEVICE_FAMILY = "1,2";
				TEST_TARGET_NAME = "skinge-ios";
			};
			name = Release;
		};
/* End XCBuildConfiguration section */

/* Begin XCConfigurationList section */
		CBCF5D67290AD5E3000965FF /* Build configuration list for PBXProject "skinge-ios" */ = {
			isa = XCConfigurationList;
			buildConfigurations = (
				CBCF5D8E290AD5E7000965FF /* Debug */,
				CBCF5D8F290AD5E7000965FF /* Release */,
			);
			defaultConfigurationIsVisible = 0;
			defaultConfigurationName = Release;
		};
		CBCF5D90290AD5E7000965FF /* Build configuration list for PBXNativeTarget "skinge-ios" */ = {
			isa = XCConfigurationList;
			buildConfigurations = (
				CBCF5D91290AD5E7000965FF /* Debug */,
				CBCF5D92290AD5E7000965FF /* Release */,
			);
			defaultConfigurationIsVisible = 0;
			defaultConfigurationName = Release;
		};
		CBCF5D93290AD5E7000965FF /* Build configuration list for PBXNativeTarget "skinge-iosTests" */ = {
			isa = XCConfigurationList;
			buildConfigurations = (
				CBCF5D94290AD5E7000965FF /* Debug */,
				CBCF5D95290AD5E7000965FF /* Release */,
			);
			defaultConfigurationIsVisible = 0;
			defaultConfigurationName = Release;
		};
		CBCF5D96290AD5E7000965FF /* Build configuration list for PBXNativeTarget "skinge-iosUITests" */ = {
			isa = XCConfigurationList;
			buildConfigurations = (
				CBCF5D97290AD5E7000965FF /* Debug */,
				CBCF5D98290AD5E7000965FF /* Release */,
			);
			defaultConfigurationIsVisible = 0;
			defaultConfigurationName = Release;
		};
/* End XCConfigurationList section */
	};
	rootObject = CBCF5D64290AD5E3000965FF /* Project object */;
}
